// !$*UTF8*$!
{
	archiveVersion = 1;
	classes = {
	};
	objectVersion = 46;
	objects = {

/* Begin PBXBuildFile section */
		12EF8AA21A0EEB460050646E /* main.m in Sources */ = {isa = PBXBuildFile; fileRef = 12EF8AA11A0EEB460050646E /* main.m */; };
		12EF8AA51A0EEB460050646E /* AppDelegate.m in Sources */ = {isa = PBXBuildFile; fileRef = 12EF8AA41A0EEB460050646E /* AppDelegate.m */; };
		12EF8AA81A0EEB460050646E /* ViewController.m in Sources */ = {isa = PBXBuildFile; fileRef = 12EF8AA71A0EEB460050646E /* ViewController.m */; };
		12EF8AAB1A0EEB460050646E /* Main.storyboard in Resources */ = {isa = PBXBuildFile; fileRef = 12EF8AA91A0EEB460050646E /* Main.storyboard */; };
		12EF8AAD1A0EEB460050646E /* Images.xcassets in Resources */ = {isa = PBXBuildFile; fileRef = 12EF8AAC1A0EEB460050646E /* Images.xcassets */; };
		12EF8AB01A0EEB460050646E /* LaunchScreen.xib in Resources */ = {isa = PBXBuildFile; fileRef = 12EF8AAE1A0EEB460050646E /* LaunchScreen.xib */; };
		12EF8ABC1A0EEB460050646E /* Overdue_Task_List_AssignmentTests.m in Sources */ = {isa = PBXBuildFile; fileRef = 12EF8ABB1A0EEB460050646E /* Overdue_Task_List_AssignmentTests.m */; };
/* End PBXBuildFile section */

/* Begin PBXContainerItemProxy section */
		12EF8AB61A0EEB460050646E /* PBXContainerItemProxy */ = {
			isa = PBXContainerItemProxy;
			containerPortal = 12EF8A941A0EEB460050646E /* Project object */;
			proxyType = 1;
			remoteGlobalIDString = 12EF8A9B1A0EEB460050646E;
			remoteInfo = "Overdue Task List Assignment";
		};
/* End PBXContainerItemProxy section */

/* Begin PBXFileReference section */
		12EF8A9C1A0EEB460050646E /* Overdue Task List Assignment.app */ = {isa = PBXFileReference; explicitFileType = wrapper.application; includeInIndex = 0; path = "Overdue Task List Assignment.app"; sourceTree = BUILT_PRODUCTS_DIR; };
		12EF8AA01A0EEB460050646E /* Info.plist */ = {isa = PBXFileReference; lastKnownFileType = text.plist.xml; path = Info.plist; sourceTree = "<group>"; };
		12EF8AA11A0EEB460050646E /* main.m */ = {isa = PBXFileReference; lastKnownFileType = sourcecode.c.objc; path = main.m; sourceTree = "<group>"; };
		12EF8AA31A0EEB460050646E /* AppDelegate.h */ = {isa = PBXFileReference; lastKnownFileType = sourcecode.c.h; path = AppDelegate.h; sourceTree = "<group>"; };
		12EF8AA41A0EEB460050646E /* AppDelegate.m */ = {isa = PBXFileReference; lastKnownFileType = sourcecode.c.objc; path = AppDelegate.m; sourceTree = "<group>"; };
		12EF8AA61A0EEB460050646E /* ViewController.h */ = {isa = PBXFileReference; lastKnownFileType = sourcecode.c.h; path = ViewController.h; sourceTree = "<group>"; };
		12EF8AA71A0EEB460050646E /* ViewController.m */ = {isa = PBXFileReference; lastKnownFileType = sourcecode.c.objc; path = ViewController.m; sourceTree = "<group>"; };
		12EF8AAA1A0EEB460050646E /* Base */ = {isa = PBXFileReference; lastKnownFileType = file.storyboard; name = Base; path = Base.lproj/Main.storyboard; sourceTree = "<group>"; };
		12EF8AAC1A0EEB460050646E /* Images.xcassets */ = {isa = PBXFileReference; lastKnownFileType = folder.assetcatalog; path = Images.xcassets; sourceTree = "<group>"; };
		12EF8AAF1A0EEB460050646E /* Base */ = {isa = PBXFileReference; lastKnownFileType = file.xib; name = Base; path = Base.lproj/LaunchScreen.xib; sourceTree = "<group>"; };
		12EF8AB51A0EEB460050646E /* Overdue Task List AssignmentTests.xctest */ = {isa = PBXFileReference; explicitFileType = wrapper.cfbundle; includeInIndex = 0; path = "Overdue Task List AssignmentTests.xctest"; sourceTree = BUILT_PRODUCTS_DIR; };
		12EF8ABA1A0EEB460050646E /* Info.plist */ = {isa = PBXFileReference; lastKnownFileType = text.plist.xml; path = Info.plist; sourceTree = "<group>"; };
		12EF8ABB1A0EEB460050646E /* Overdue_Task_List_AssignmentTests.m */ = {isa = PBXFileReference; lastKnownFileType = sourcecode.c.objc; path = Overdue_Task_List_AssignmentTests.m; sourceTree = "<group>"; };
/* End PBXFileReference section */

/* Begin PBXFrameworksBuildPhase section */
		12EF8A991A0EEB460050646E /* Frameworks */ = {
			isa = PBXFrameworksBuildPhase;
			buildActionMask = 2147483647;
			files = (
			);
			runOnlyForDeploymentPostprocessing = 0;
		};
		12EF8AB21A0EEB460050646E /* Frameworks */ = {
			isa = PBXFrameworksBuildPhase;
			buildActionMask = 2147483647;
			files = (
			);
			runOnlyForDeploymentPostprocessing = 0;
		};
/* End PBXFrameworksBuildPhase section */

/* Begin PBXGroup section */
		12EF8A931A0EEB460050646E = {
			isa = PBXGroup;
			children = (
				12EF8A9E1A0EEB460050646E /* Overdue Task List Assignment */,
				12EF8AB81A0EEB460050646E /* Overdue Task List AssignmentTests */,
				12EF8A9D1A0EEB460050646E /* Products */,
			);
			sourceTree = "<group>";
		};
		12EF8A9D1A0EEB460050646E /* Products */ = {
			isa = PBXGroup;
			children = (
				12EF8A9C1A0EEB460050646E /* Overdue Task List Assignment.app */,
				12EF8AB51A0EEB460050646E /* Overdue Task List AssignmentTests.xctest */,
			);
			name = Products;
			sourceTree = "<group>";
		};
		12EF8A9E1A0EEB460050646E /* Overdue Task List Assignment */ = {
			isa = PBXGroup;
			children = (
				12EF8AA31A0EEB460050646E /* AppDelegate.h */,
				12EF8AA41A0EEB460050646E /* AppDelegate.m */,
				12EF8AA61A0EEB460050646E /* ViewController.h */,
				12EF8AA71A0EEB460050646E /* ViewController.m */,
				12EF8AA91A0EEB460050646E /* Main.storyboard */,
				12EF8AAC1A0EEB460050646E /* Images.xcassets */,
				12EF8AAE1A0EEB460050646E /* LaunchScreen.xib */,
				12EF8A9F1A0EEB460050646E /* Supporting Files */,
			);
			path = "Overdue Task List Assignment";
			sourceTree = "<group>";
		};
		12EF8A9F1A0EEB460050646E /* Supporting Files */ = {
			isa = PBXGroup;
			children = (
				12EF8AA01A0EEB460050646E /* Info.plist */,
				12EF8AA11A0EEB460050646E /* main.m */,
			);
			name = "Supporting Files";
			sourceTree = "<group>";
		};
		12EF8AB81A0EEB460050646E /* Overdue Task List AssignmentTests */ = {
			isa = PBXGroup;
			children = (
				12EF8ABB1A0EEB460050646E /* Overdue_Task_List_AssignmentTests.m */,
				12EF8AB91A0EEB460050646E /* Supporting Files */,
			);
			path = "Overdue Task List AssignmentTests";
			sourceTree = "<group>";
		};
		12EF8AB91A0EEB460050646E /* Supporting Files */ = {
			isa = PBXGroup;
			children = (
				12EF8ABA1A0EEB460050646E /* Info.plist */,
			);
			name = "Supporting Files";
			sourceTree = "<group>";
		};
/* End PBXGroup section */

/* Begin PBXNativeTarget section */
		12EF8A9B1A0EEB460050646E /* Overdue Task List Assignment */ = {
			isa = PBXNativeTarget;
			buildConfigurationList = 12EF8ABF1A0EEB460050646E /* Build configuration list for PBXNativeTarget "Overdue Task List Assignment" */;
			buildPhases = (
				12EF8A981A0EEB460050646E /* Sources */,
				12EF8A991A0EEB460050646E /* Frameworks */,
				12EF8A9A1A0EEB460050646E /* Resources */,
			);
			buildRules = (
			);
			dependencies = (
			);
			name = "Overdue Task List Assignment";
			productName = "Overdue Task List Assignment";
			productReference = 12EF8A9C1A0EEB460050646E /* Overdue Task List Assignment.app */;
			productType = "com.apple.product-type.application";
		};
		12EF8AB41A0EEB460050646E /* Overdue Task List AssignmentTests */ = {
			isa = PBXNativeTarget;
			buildConfigurationList = 12EF8AC21A0EEB460050646E /* Build configuration list for PBXNativeTarget "Overdue Task List AssignmentTests" */;
			buildPhases = (
				12EF8AB11A0EEB460050646E /* Sources */,
				12EF8AB21A0EEB460050646E /* Frameworks */,
				12EF8AB31A0EEB460050646E /* Resources */,
			);
			buildRules = (
			);
			dependencies = (
				12EF8AB71A0EEB460050646E /* PBXTargetDependency */,
			);
			name = "Overdue Task List AssignmentTests";
			productName = "Overdue Task List AssignmentTests";
			productReference = 12EF8AB51A0EEB460050646E /* Overdue Task List AssignmentTests.xctest */;
			productType = "com.apple.product-type.bundle.unit-test";
		};
/* End PBXNativeTarget section */

/* Begin PBXProject section */
		12EF8A941A0EEB460050646E /* Project object */ = {
			isa = PBXProject;
			attributes = {
				LastUpgradeCheck = 0610;
				ORGANIZATIONNAME = "Nicholas Henry Dean Wakeford";
				TargetAttributes = {
					12EF8A9B1A0EEB460050646E = {
						CreatedOnToolsVersion = 6.1;
					};
					12EF8AB41A0EEB460050646E = {
						CreatedOnToolsVersion = 6.1;
						TestTargetID = 12EF8A9B1A0EEB460050646E;
					};
				};
			};
			buildConfigurationList = 12EF8A971A0EEB460050646E /* Build configuration list for PBXProject "Overdue Task List Assignment" */;
			compatibilityVersion = "Xcode 3.2";
			developmentRegion = English;
			hasScannedForEncodings = 0;
			knownRegions = (
				en,
				Base,
			);
			mainGroup = 12EF8A931A0EEB460050646E;
			productRefGroup = 12EF8A9D1A0EEB460050646E /* Products */;
			projectDirPath = "";
			projectRoot = "";
			targets = (
				12EF8A9B1A0EEB460050646E /* Overdue Task List Assignment */,
				12EF8AB41A0EEB460050646E /* Overdue Task List AssignmentTests */,
			);
		};
/* End PBXProject section */

/* Begin PBXResourcesBuildPhase section */
		12EF8A9A1A0EEB460050646E /* Resources */ = {
			isa = PBXResourcesBuildPhase;
			buildActionMask = 2147483647;
			files = (
				12EF8AAB1A0EEB460050646E /* Main.storyboard in Resources */,
				12EF8AB01A0EEB460050646E /* LaunchScreen.xib in Resources */,
				12EF8AAD1A0EEB460050646E /* Images.xcassets in Resources */,
			);
			runOnlyForDeploymentPostprocessing = 0;
		};
		12EF8AB31A0EEB460050646E /* Resources */ = {
			isa = PBXResourcesBuildPhase;
			buildActionMask = 2147483647;
			files = (
			);
			runOnlyForDeploymentPostprocessing = 0;
		};
/* End PBXResourcesBuildPhase section */

/* Begin PBXSourcesBuildPhase section */
		12EF8A981A0EEB460050646E /* Sources */ = {
			isa = PBXSourcesBuildPhase;
			buildActionMask = 2147483647;
			files = (
				12EF8AA81A0EEB460050646E /* ViewController.m in Sources */,
				12EF8AA51A0EEB460050646E /* AppDelegate.m in Sources */,
				12EF8AA21A0EEB460050646E /* main.m in Sources */,
			);
			runOnlyForDeploymentPostprocessing = 0;
		};
		12EF8AB11A0EEB460050646E /* Sources */ = {
			isa = PBXSourcesBuildPhase;
			buildActionMask = 2147483647;
			files = (
				12EF8ABC1A0EEB460050646E /* Overdue_Task_List_AssignmentTests.m in Sources */,
			);
			runOnlyForDeploymentPostprocessing = 0;
		};
/* End PBXSourcesBuildPhase section */

/* Begin PBXTargetDependency section */
		12EF8AB71A0EEB460050646E /* PBXTargetDependency */ = {
			isa = PBXTargetDependency;
			target = 12EF8A9B1A0EEB460050646E /* Overdue Task List Assignment */;
			targetProxy = 12EF8AB61A0EEB460050646E /* PBXContainerItemProxy */;
		};
/* End PBXTargetDependency section */

/* Begin PBXVariantGroup section */
		12EF8AA91A0EEB460050646E /* Main.storyboard */ = {
			isa = PBXVariantGroup;
			children = (
				12EF8AAA1A0EEB460050646E /* Base */,
			);
			name = Main.storyboard;
			sourceTree = "<group>";
		};
		12EF8AAE1A0EEB460050646E /* LaunchScreen.xib */ = {
			isa = PBXVariantGroup;
			children = (
				12EF8AAF1A0EEB460050646E /* Base */,
			);
			name = LaunchScreen.xib;
			sourceTree = "<group>";
		};
/* End PBXVariantGroup section */

/* Begin XCBuildConfiguration section */
		12EF8ABD1A0EEB460050646E /* Debug */ = {
			isa = XCBuildConfiguration;
			buildSettings = {
				ALWAYS_SEARCH_USER_PATHS = NO;
				CLANG_CXX_LANGUAGE_STANDARD = "gnu++0x";
				CLANG_CXX_LIBRARY = "libc++";
				CLANG_ENABLE_MODULES = YES;
				CLANG_ENABLE_OBJC_ARC = YES;
				CLANG_WARN_BOOL_CONVERSION = YES;
				CLANG_WARN_CONSTANT_CONVERSION = YES;
				CLANG_WARN_DIRECT_OBJC_ISA_USAGE = YES_ERROR;
				CLANG_WARN_EMPTY_BODY = YES;
				CLANG_WARN_ENUM_CONVERSION = YES;
				CLANG_WARN_INT_CONVERSION = YES;
				CLANG_WARN_OBJC_ROOT_CLASS = YES_ERROR;
				CLANG_WARN_UNREACHABLE_CODE = YES;
				CLANG_WARN__DUPLICATE_METHOD_MATCH = YES;
				"CODE_SIGN_IDENTITY[sdk=iphoneos*]" = "iPhone Developer";
				COPY_PHASE_STRIP = NO;
				ENABLE_STRICT_OBJC_MSGSEND = YES;
				GCC_C_LANGUAGE_STANDARD = gnu99;
				GCC_DYNAMIC_NO_PIC = NO;
				GCC_OPTIMIZATION_LEVEL = 0;
				GCC_PREPROCESSOR_DEFINITIONS = (
					"DEBUG=1",
					"$(inherited)",
				);
				GCC_SYMBOLS_PRIVATE_EXTERN = NO;
				GCC_WARN_64_TO_32_BIT_CONVERSION = YES;
				GCC_WARN_ABOUT_RETURN_TYPE = YES_ERROR;
				GCC_WARN_UNDECLARED_SELECTOR = YES;
				GCC_WARN_UNINITIALIZED_AUTOS = YES_AGGRESSIVE;
				GCC_WARN_UNUSED_FUNCTION = YES;
				GCC_WARN_UNUSED_VARIABLE = YES;
				IPHONEOS_DEPLOYMENT_TARGET = 8.1;
				MTL_ENABLE_DEBUG_INFO = YES;
				ONLY_ACTIVE_ARCH = YES;
				SDKROOT = iphoneos;
			};
			name = Debug;
		};
		12EF8ABE1A0EEB460050646E /* Release */ = {
			isa = XCBuildConfiguration;
			buildSettings = {
				ALWAYS_SEARCH_USER_PATHS = NO;
				CLANG_CXX_LANGUAGE_STANDARD = "gnu++0x";
				CLANG_CXX_LIBRARY = "libc++";
				CLANG_ENABLE_MODULES = YES;
				CLANG_ENABLE_OBJC_ARC = YES;
				CLANG_WARN_BOOL_CONVERSION = YES;
				CLANG_WARN_CONSTANT_CONVERSION = YES;
				CLANG_WARN_DIRECT_OBJC_ISA_USAGE = YES_ERROR;
				CLANG_WARN_EMPTY_BODY = YES;
				CLANG_WARN_ENUM_CONVERSION = YES;
				CLANG_WARN_INT_CONVERSION = YES;
				CLANG_WARN_OBJC_ROOT_CLASS = YES_ERROR;
				CLANG_WARN_UNREACHABLE_CODE = YES;
				CLANG_WARN__DUPLICATE_METHOD_MATCH = YES;
				"CODE_SIGN_IDENTITY[sdk=iphoneos*]" = "iPhone Developer";
				COPY_PHASE_STRIP = YES;
				ENABLE_NS_ASSERTIONS = NO;
				ENABLE_STRICT_OBJC_MSGSEND = YES;
				GCC_C_LANGUAGE_STANDARD = gnu99;
				GCC_WARN_64_TO_32_BIT_CONVERSION = YES;
				GCC_WARN_ABOUT_RETURN_TYPE = YES_ERROR;
				GCC_WARN_UNDECLARED_SELECTOR = YES;
				GCC_WARN_UNINITIALIZED_AUTOS = YES_AGGRESSIVE;
				GCC_WARN_UNUSED_FUNCTION = YES;
				GCC_WARN_UNUSED_VARIABLE = YES;
				IPHONEOS_DEPLOYMENT_TARGET = 8.1;
				MTL_ENABLE_DEBUG_INFO = NO;
				SDKROOT = iphoneos;
				VALIDATE_PRODUCT = YES;
			};
			name = Release;
		};
		12EF8AC01A0EEB460050646E /* Debug */ = {
			isa = XCBuildConfiguration;
			buildSettings = {
				ASSETCATALOG_COMPILER_APPICON_NAME = AppIcon;
				INFOPLIST_FILE = "Overdue Task List Assignment/Info.plist";
				LD_RUNPATH_SEARCH_PATHS = "$(inherited) @executable_path/Frameworks";
				PRODUCT_NAME = "$(TARGET_NAME)";
			};
			name = Debug;
		};
		12EF8AC11A0EEB460050646E /* Release */ = {
			isa = XCBuildConfiguration;
			buildSettings = {
				ASSETCATALOG_COMPILER_APPICON_NAME = AppIcon;
				INFOPLIST_FILE = "Overdue Task List Assignment/Info.plist";
				LD_RUNPATH_SEARCH_PATHS = "$(inherited) @executable_path/Frameworks";
				PRODUCT_NAME = "$(TARGET_NAME)";
			};
			name = Release;
		};
		12EF8AC31A0EEB460050646E /* Debug */ = {
			isa = XCBuildConfiguration;
			buildSettings = {
				BUNDLE_LOADER = "$(TEST_HOST)";
				FRAMEWORK_SEARCH_PATHS = (
					"$(SDKROOT)/Developer/Library/Frameworks",
					"$(inherited)",
				);
				GCC_PREPROCESSOR_DEFINITIONS = (
					"DEBUG=1",
					"$(inherited)",
				);
				INFOPLIST_FILE = "Overdue Task List AssignmentTests/Info.plist";
				LD_RUNPATH_SEARCH_PATHS = "$(inherited) @executable_path/Frameworks @loader_path/Frameworks";
				PRODUCT_NAME = "$(TARGET_NAME)";
				TEST_HOST = "$(BUILT_PRODUCTS_DIR)/Overdue Task List Assignment.app/Overdue Task List Assignment";
			};
			name = Debug;
		};
		12EF8AC41A0EEB460050646E /* Release */ = {
			isa = XCBuildConfiguration;
			buildSettings = {
				BUNDLE_LOADER = "$(TEST_HOST)";
				FRAMEWORK_SEARCH_PATHS = (
					"$(SDKROOT)/Developer/Library/Frameworks",
					"$(inherited)",
				);
				INFOPLIST_FILE = "Overdue Task List AssignmentTests/Info.plist";
				LD_RUNPATH_SEARCH_PATHS = "$(inherited) @executable_path/Frameworks @loader_path/Frameworks";
				PRODUCT_NAME = "$(TARGET_NAME)";
				TEST_HOST = "$(BUILT_PRODUCTS_DIR)/Overdue Task List Assignment.app/Overdue Task List Assignment";
			};
			name = Release;
		};
/* End XCBuildConfiguration section */

/* Begin XCConfigurationList section */
		12EF8A971A0EEB460050646E /* Build configuration list for PBXProject "Overdue Task List Assignment" */ = {
			isa = XCConfigurationList;
			buildConfigurations = (
				12EF8ABD1A0EEB460050646E /* Debug */,
				12EF8ABE1A0EEB460050646E /* Release */,
			);
			defaultConfigurationIsVisible = 0;
			defaultConfigurationName = Release;
		};
		12EF8ABF1A0EEB460050646E /* Build configuration list for PBXNativeTarget "Overdue Task List Assignment" */ = {
			isa = XCConfigurationList;
			buildConfigurations = (
				12EF8AC01A0EEB460050646E /* Debug */,
				12EF8AC11A0EEB460050646E /* Release */,
			);
			defaultConfigurationIsVisible = 0;
		};
		12EF8AC21A0EEB460050646E /* Build configuration list for PBXNativeTarget "Overdue Task List AssignmentTests" */ = {
			isa = XCConfigurationList;
			buildConfigurations = (
				12EF8AC31A0EEB460050646E /* Debug */,
				12EF8AC41A0EEB460050646E /* Release */,
			);
			defaultConfigurationIsVisible = 0;
		};
/* End XCConfigurationList section */
	};
	rootObject = 12EF8A941A0EEB460050646E /* Project object */;
}
